
Microsoft Visual Studio Solution File, Format Version 12.00
# Visual Studio Version 16
VisualStudioVersion = 16.0.30204.135
MinimumVisualStudioVersion = 10.0.40219.1
Project("{888888A0-9F3D-457C-B088-3A5042F75D52}") = "Phy_Data", "Phy_Data.pyproj", "{9C8A123A-B075-4D59-B5C3-6D0256372434}"
EndProject
Global
	GlobalSection(SolutionConfigurationPlatforms) = preSolution
		Debug|Any CPU = Debug|Any CPU
		Release|Any CPU = Release|Any CPU
	EndGlobalSection
	GlobalSection(ProjectConfigurationPlatforms) = postSolution
		{9C8A123A-B075-4D59-B5C3-6D0256372434}.Debug|Any CPU.ActiveCfg = Debug|Any CPU
		{9C8A123A-B075-4D59-B5C3-6D0256372434}.Release|Any CPU.ActiveCfg = Release|Any CPU
	EndGlobalSection
	GlobalSection(SolutionProperties) = preSolution
		HideSolutionNode = FALSE
	EndGlobalSection
	GlobalSection(ExtensibilityGlobals) = postSolution
		SolutionGuid = {8C5F509F-420B-4E6C-ABA9-A28C4A74703B}
	EndGlobalSection
EndGlobal
